// !$*UTF8*$!
{
	archiveVersion = 1;
	classes = {
	};
	objectVersion = 55;
	objects = {

/* Begin PBXBuildFile section */
		9E1A41BE29102A9B009D16BD /* AppDelegate.swift in Sources */ = {isa = PBXBuildFile; fileRef = 9E1A41BD29102A9B009D16BD /* AppDelegate.swift */; };
		9E1A41C029102A9B009D16BD /* SceneDelegate.swift in Sources */ = {isa = PBXBuildFile; fileRef = 9E1A41BF29102A9B009D16BD /* SceneDelegate.swift */; };
		9E1A41C229102A9B009D16BD /* ViewController.swift in Sources */ = {isa = PBXBuildFile; fileRef = 9E1A41C129102A9B009D16BD /* ViewController.swift */; };
		9E1A41C529102A9B009D16BD /* Main.storyboard in Resources */ = {isa = PBXBuildFile; fileRef = 9E1A41C329102A9B009D16BD /* Main.storyboard */; };
		9E1A41C729102A9D009D16BD /* Assets.xcassets in Resources */ = {isa = PBXBuildFile; fileRef = 9E1A41C629102A9D009D16BD /* Assets.xcassets */; };
		9E1A41CA29102A9D009D16BD /* LaunchScreen.storyboard in Resources */ = {isa = PBXBuildFile; fileRef = 9E1A41C829102A9D009D16BD /* LaunchScreen.storyboard */; };
		9E1A41D529102B67009D16BD /* Brain.swift in Sources */ = {isa = PBXBuildFile; fileRef = 9E1A41D429102B67009D16BD /* Brain.swift */; };
		AA4829D02914292F0071452F /* LevelMoneyGuaranteeWin.swift in Sources */ = {isa = PBXBuildFile; fileRef = AA4829CF2914292F0071452F /* LevelMoneyGuaranteeWin.swift */; };
		AA4829D229143C8A0071452F /* Lifelines.swift in Sources */ = {isa = PBXBuildFile; fileRef = AA4829D129143C8A0071452F /* Lifelines.swift */; };
		AA73CDD62913E080000A7894 /* GameRulesVC.swift in Sources */ = {isa = PBXBuildFile; fileRef = AA73CDD52913E080000A7894 /* GameRulesVC.swift */; };
		AA73CDD82913F911000A7894 /* QuestionsAnswer.swift in Sources */ = {isa = PBXBuildFile; fileRef = AA73CDD72913F911000A7894 /* QuestionsAnswer.swift */; };
		AA73CDDA2913FE51000A7894 /* QuestionsAnswerData.swift in Sources */ = {isa = PBXBuildFile; fileRef = AA73CDD92913FE51000A7894 /* QuestionsAnswerData.swift */; };
/* End PBXBuildFile section */

/* Begin PBXFileReference section */
		9E1A41BA29102A9B009D16BD /* millionaire.app */ = {isa = PBXFileReference; explicitFileType = wrapper.application; includeInIndex = 0; path = millionaire.app; sourceTree = BUILT_PRODUCTS_DIR; };
		9E1A41BD29102A9B009D16BD /* AppDelegate.swift */ = {isa = PBXFileReference; lastKnownFileType = sourcecode.swift; path = AppDelegate.swift; sourceTree = "<group>"; };
		9E1A41BF29102A9B009D16BD /* SceneDelegate.swift */ = {isa = PBXFileReference; lastKnownFileType = sourcecode.swift; path = SceneDelegate.swift; sourceTree = "<group>"; };
		9E1A41C129102A9B009D16BD /* ViewController.swift */ = {isa = PBXFileReference; lastKnownFileType = sourcecode.swift; path = ViewController.swift; sourceTree = "<group>"; };
		9E1A41C429102A9B009D16BD /* Base */ = {isa = PBXFileReference; lastKnownFileType = file.storyboard; name = Base; path = Base.lproj/Main.storyboard; sourceTree = "<group>"; };
		9E1A41C629102A9D009D16BD /* Assets.xcassets */ = {isa = PBXFileReference; lastKnownFileType = folder.assetcatalog; path = Assets.xcassets; sourceTree = "<group>"; };
		9E1A41C929102A9D009D16BD /* Base */ = {isa = PBXFileReference; lastKnownFileType = file.storyboard; name = Base; path = Base.lproj/LaunchScreen.storyboard; sourceTree = "<group>"; };
		9E1A41CB29102A9D009D16BD /* Info.plist */ = {isa = PBXFileReference; lastKnownFileType = text.plist.xml; path = Info.plist; sourceTree = "<group>"; };
		9E1A41D429102B67009D16BD /* Brain.swift */ = {isa = PBXFileReference; lastKnownFileType = sourcecode.swift; path = Brain.swift; sourceTree = "<group>"; };
		AA4829CF2914292F0071452F /* LevelMoneyGuaranteeWin.swift */ = {isa = PBXFileReference; lastKnownFileType = sourcecode.swift; path = LevelMoneyGuaranteeWin.swift; sourceTree = "<group>"; };
		AA4829D129143C8A0071452F /* Lifelines.swift */ = {isa = PBXFileReference; lastKnownFileType = sourcecode.swift; path = Lifelines.swift; sourceTree = "<group>"; };
		AA73CDD52913E080000A7894 /* GameRulesVC.swift */ = {isa = PBXFileReference; fileEncoding = 4; lastKnownFileType = sourcecode.swift; path = GameRulesVC.swift; sourceTree = "<group>"; };
		AA73CDD72913F911000A7894 /* QuestionsAnswer.swift */ = {isa = PBXFileReference; lastKnownFileType = sourcecode.swift; path = QuestionsAnswer.swift; sourceTree = "<group>"; };
		AA73CDD92913FE51000A7894 /* QuestionsAnswerData.swift */ = {isa = PBXFileReference; lastKnownFileType = sourcecode.swift; path = QuestionsAnswerData.swift; sourceTree = "<group>"; };
/* End PBXFileReference section */

/* Begin PBXFrameworksBuildPhase section */
		9E1A41B729102A9B009D16BD /* Frameworks */ = {
			isa = PBXFrameworksBuildPhase;
			buildActionMask = 2147483647;
			files = (
			);
			runOnlyForDeploymentPostprocessing = 0;
		};
/* End PBXFrameworksBuildPhase section */

/* Begin PBXGroup section */
		9E1A41B129102A9B009D16BD = {
			isa = PBXGroup;
			children = (
				9E1A41BC29102A9B009D16BD /* millionaire */,
				9E1A41BB29102A9B009D16BD /* Products */,
			);
			sourceTree = "<group>";
		};
		9E1A41BB29102A9B009D16BD /* Products */ = {
			isa = PBXGroup;
			children = (
				9E1A41BA29102A9B009D16BD /* millionaire.app */,
			);
			name = Products;
			sourceTree = "<group>";
		};
		9E1A41BC29102A9B009D16BD /* millionaire */ = {
			isa = PBXGroup;
			children = (
				9E1A41BD29102A9B009D16BD /* AppDelegate.swift */,
				9E1A41BF29102A9B009D16BD /* SceneDelegate.swift */,
				9E1A41D129102AE1009D16BD /* Model */,
				9E1A41D229102AF3009D16BD /* View */,
				9E1A41D329102B05009D16BD /* Controller */,
				9E1A41C629102A9D009D16BD /* Assets.xcassets */,
				9E1A41C829102A9D009D16BD /* LaunchScreen.storyboard */,
				9E1A41CB29102A9D009D16BD /* Info.plist */,
			);
			path = millionaire;
			sourceTree = "<group>";
		};
		9E1A41D129102AE1009D16BD /* Model */ = {
			isa = PBXGroup;
			children = (
				9E1A41D429102B67009D16BD /* Brain.swift */,
				AA73CDD72913F911000A7894 /* QuestionsAnswer.swift */,
				AA73CDD92913FE51000A7894 /* QuestionsAnswerData.swift */,
				AA4829CF2914292F0071452F /* LevelMoneyGuaranteeWin.swift */,
				AA4829D129143C8A0071452F /* Lifelines.swift */,
			);
			path = Model;
			sourceTree = "<group>";
		};
		9E1A41D229102AF3009D16BD /* View */ = {
			isa = PBXGroup;
			children = (
				9E1A41C329102A9B009D16BD /* Main.storyboard */,
				AA73CDD52913E080000A7894 /* GameRulesVC.swift */,
			);
			path = View;
			sourceTree = "<group>";
		};
		9E1A41D329102B05009D16BD /* Controller */ = {
			isa = PBXGroup;
			children = (
				9E1A41C129102A9B009D16BD /* ViewController.swift */,
			);
			path = Controller;
			sourceTree = "<group>";
		};
/* End PBXGroup section */

/* Begin PBXNativeTarget section */
		9E1A41B929102A9B009D16BD /* millionaire */ = {
			isa = PBXNativeTarget;
			buildConfigurationList = 9E1A41CE29102A9D009D16BD /* Build configuration list for PBXNativeTarget "millionaire" */;
			buildPhases = (
				9E1A41B629102A9B009D16BD /* Sources */,
				9E1A41B729102A9B009D16BD /* Frameworks */,
				9E1A41B829102A9B009D16BD /* Resources */,
			);
			buildRules = (
			);
			dependencies = (
			);
			name = millionaire;
			productName = millionaire;
			productReference = 9E1A41BA29102A9B009D16BD /* millionaire.app */;
			productType = "com.apple.product-type.application";
		};
/* End PBXNativeTarget section */

/* Begin PBXProject section */
		9E1A41B229102A9B009D16BD /* Project object */ = {
			isa = PBXProject;
			attributes = {
				BuildIndependentTargetsInParallel = 1;
				LastSwiftUpdateCheck = 1400;
				LastUpgradeCheck = 1400;
				TargetAttributes = {
					9E1A41B929102A9B009D16BD = {
						CreatedOnToolsVersion = 14.0.1;
					};
				};
			};
			buildConfigurationList = 9E1A41B529102A9B009D16BD /* Build configuration list for PBXProject "millionaire" */;
			compatibilityVersion = "Xcode 13.0";
			developmentRegion = en;
			hasScannedForEncodings = 0;
			knownRegions = (
				en,
				Base,
			);
			mainGroup = 9E1A41B129102A9B009D16BD;
			productRefGroup = 9E1A41BB29102A9B009D16BD /* Products */;
			projectDirPath = "";
			projectRoot = "";
			targets = (
				9E1A41B929102A9B009D16BD /* millionaire */,
			);
		};
/* End PBXProject section */

/* Begin PBXResourcesBuildPhase section */
		9E1A41B829102A9B009D16BD /* Resources */ = {
			isa = PBXResourcesBuildPhase;
			buildActionMask = 2147483647;
			files = (
				9E1A41CA29102A9D009D16BD /* LaunchScreen.storyboard in Resources */,
				9E1A41C729102A9D009D16BD /* Assets.xcassets in Resources */,
				9E1A41C529102A9B009D16BD /* Main.storyboard in Resources */,
			);
			runOnlyForDeploymentPostprocessing = 0;
		};
/* End PBXResourcesBuildPhase section */

/* Begin PBXSourcesBuildPhase section */
		9E1A41B629102A9B009D16BD /* Sources */ = {
			isa = PBXSourcesBuildPhase;
			buildActionMask = 2147483647;
			files = (
				9E1A41C229102A9B009D16BD /* ViewController.swift in Sources */,
				AA4829D229143C8A0071452F /* Lifelines.swift in Sources */,
				AA73CDD62913E080000A7894 /* GameRulesVC.swift in Sources */,
				9E1A41BE29102A9B009D16BD /* AppDelegate.swift in Sources */,
				AA4829D02914292F0071452F /* LevelMoneyGuaranteeWin.swift in Sources */,
				9E1A41D529102B67009D16BD /* Brain.swift in Sources */,
				AA73CDDA2913FE51000A7894 /* QuestionsAnswerData.swift in Sources */,
				9E1A41C029102A9B009D16BD /* SceneDelegate.swift in Sources */,
				AA73CDD82913F911000A7894 /* QuestionsAnswer.swift in Sources */,
			);
			runOnlyForDeploymentPostprocessing = 0;
		};
/* End PBXSourcesBuildPhase section */

/* Begin PBXVariantGroup section */
		9E1A41C329102A9B009D16BD /* Main.storyboard */ = {
			isa = PBXVariantGroup;
			children = (
				9E1A41C429102A9B009D16BD /* Base */,
			);
			name = Main.storyboard;
			sourceTree = "<group>";
		};
		9E1A41C829102A9D009D16BD /* LaunchScreen.storyboard */ = {
			isa = PBXVariantGroup;
			children = (
				9E1A41C929102A9D009D16BD /* Base */,
			);
			name = LaunchScreen.storyboard;
			sourceTree = "<group>";
		};
/* End PBXVariantGroup section */

/* Begin XCBuildConfiguration section */
		9E1A41CC29102A9D009D16BD /* Debug */ = {
			isa = XCBuildConfiguration;
			buildSettings = {
				ALWAYS_SEARCH_USER_PATHS = NO;
				CLANG_ANALYZER_NONNULL = YES;
				CLANG_ANALYZER_NUMBER_OBJECT_CONVERSION = YES_AGGRESSIVE;
				CLANG_CXX_LANGUAGE_STANDARD = "gnu++20";
				CLANG_ENABLE_MODULES = YES;
				CLANG_ENABLE_OBJC_ARC = YES;
				CLANG_ENABLE_OBJC_WEAK = YES;
				CLANG_WARN_BLOCK_CAPTURE_AUTORELEASING = YES;
				CLANG_WARN_BOOL_CONVERSION = YES;
				CLANG_WARN_COMMA = YES;
				CLANG_WARN_CONSTANT_CONVERSION = YES;
				CLANG_WARN_DEPRECATED_OBJC_IMPLEMENTATIONS = YES;
				CLANG_WARN_DIRECT_OBJC_ISA_USAGE = YES_ERROR;
				CLANG_WARN_DOCUMENTATION_COMMENTS = YES;
				CLANG_WARN_EMPTY_BODY = YES;
				CLANG_WARN_ENUM_CONVERSION = YES;
				CLANG_WARN_INFINITE_RECURSION = YES;
				CLANG_WARN_INT_CONVERSION = YES;
				CLANG_WARN_NON_LITERAL_NULL_CONVERSION = YES;
				CLANG_WARN_OBJC_IMPLICIT_RETAIN_SELF = YES;
				CLANG_WARN_OBJC_LITERAL_CONVERSION = YES;
				CLANG_WARN_OBJC_ROOT_CLASS = YES_ERROR;
				CLANG_WARN_QUOTED_INCLUDE_IN_FRAMEWORK_HEADER = YES;
				CLANG_WARN_RANGE_LOOP_ANALYSIS = YES;
				CLANG_WARN_STRICT_PROTOTYPES = YES;
				CLANG_WARN_SUSPICIOUS_MOVE = YES;
				CLANG_WARN_UNGUARDED_AVAILABILITY = YES_AGGRESSIVE;
				CLANG_WARN_UNREACHABLE_CODE = YES;
				CLANG_WARN__DUPLICATE_METHOD_MATCH = YES;
				COPY_PHASE_STRIP = NO;
				DEBUG_INFORMATION_FORMAT = dwarf;
				ENABLE_STRICT_OBJC_MSGSEND = YES;
				ENABLE_TESTABILITY = YES;
				GCC_C_LANGUAGE_STANDARD = gnu11;
				GCC_DYNAMIC_NO_PIC = NO;
				GCC_NO_COMMON_BLOCKS = YES;
				GCC_OPTIMIZATION_LEVEL = 0;
				GCC_PREPROCESSOR_DEFINITIONS = (
					"DEBUG=1",
					"$(inherited)",
				);
				GCC_WARN_64_TO_32_BIT_CONVERSION = YES;
				GCC_WARN_ABOUT_RETURN_TYPE = YES_ERROR;
				GCC_WARN_UNDECLARED_SELECTOR = YES;
				GCC_WARN_UNINITIALIZED_AUTOS = YES_AGGRESSIVE;
				GCC_WARN_UNUSED_FUNCTION = YES;
				GCC_WARN_UNUSED_VARIABLE = YES;
				IPHONEOS_DEPLOYMENT_TARGET = 13.0;
				MTL_ENABLE_DEBUG_INFO = INCLUDE_SOURCE;
				MTL_FAST_MATH = YES;
				ONLY_ACTIVE_ARCH = YES;
				SDKROOT = iphoneos;
				SWIFT_ACTIVE_COMPILATION_CONDITIONS = DEBUG;
				SWIFT_OPTIMIZATION_LEVEL = "-Onone";
			};
			name = Debug;
		};
		9E1A41CD29102A9D009D16BD /* Release */ = {
			isa = XCBuildConfiguration;
			buildSettings = {
				ALWAYS_SEARCH_USER_PATHS = NO;
				CLANG_ANALYZER_NONNULL = YES;
				CLANG_ANALYZER_NUMBER_OBJECT_CONVERSION = YES_AGGRESSIVE;
				CLANG_CXX_LANGUAGE_STANDARD = "gnu++20";
				CLANG_ENABLE_MODULES = YES;
				CLANG_ENABLE_OBJC_ARC = YES;
				CLANG_ENABLE_OBJC_WEAK = YES;
				CLANG_WARN_BLOCK_CAPTURE_AUTORELEASING = YES;
				CLANG_WARN_BOOL_CONVERSION = YES;
				CLANG_WARN_COMMA = YES;
				CLANG_WARN_CONSTANT_CONVERSION = YES;
				CLANG_WARN_DEPRECATED_OBJC_IMPLEMENTATIONS = YES;
				CLANG_WARN_DIRECT_OBJC_ISA_USAGE = YES_ERROR;
				CLANG_WARN_DOCUMENTATION_COMMENTS = YES;
				CLANG_WARN_EMPTY_BODY = YES;
				CLANG_WARN_ENUM_CONVERSION = YES;
				CLANG_WARN_INFINITE_RECURSION = YES;
				CLANG_WARN_INT_CONVERSION = YES;
				CLANG_WARN_NON_LITERAL_NULL_CONVERSION = YES;
				CLANG_WARN_OBJC_IMPLICIT_RETAIN_SELF = YES;
				CLANG_WARN_OBJC_LITERAL_CONVERSION = YES;
				CLANG_WARN_OBJC_ROOT_CLASS = YES_ERROR;
				CLANG_WARN_QUOTED_INCLUDE_IN_FRAMEWORK_HEADER = YES;
				CLANG_WARN_RANGE_LOOP_ANALYSIS = YES;
				CLANG_WARN_STRICT_PROTOTYPES = YES;
				CLANG_WARN_SUSPICIOUS_MOVE = YES;
				CLANG_WARN_UNGUARDED_AVAILABILITY = YES_AGGRESSIVE;
				CLANG_WARN_UNREACHABLE_CODE = YES;
				CLANG_WARN__DUPLICATE_METHOD_MATCH = YES;
				COPY_PHASE_STRIP = NO;
				DEBUG_INFORMATION_FORMAT = "dwarf-with-dsym";
				ENABLE_NS_ASSERTIONS = NO;
				ENABLE_STRICT_OBJC_MSGSEND = YES;
				GCC_C_LANGUAGE_STANDARD = gnu11;
				GCC_NO_COMMON_BLOCKS = YES;
				GCC_WARN_64_TO_32_BIT_CONVERSION = YES;
				GCC_WARN_ABOUT_RETURN_TYPE = YES_ERROR;
				GCC_WARN_UNDECLARED_SELECTOR = YES;
				GCC_WARN_UNINITIALIZED_AUTOS = YES_AGGRESSIVE;
				GCC_WARN_UNUSED_FUNCTION = YES;
				GCC_WARN_UNUSED_VARIABLE = YES;
				IPHONEOS_DEPLOYMENT_TARGET = 13.0;
				MTL_ENABLE_DEBUG_INFO = NO;
				MTL_FAST_MATH = YES;
				SDKROOT = iphoneos;
				SWIFT_COMPILATION_MODE = wholemodule;
				SWIFT_OPTIMIZATION_LEVEL = "-O";
				VALIDATE_PRODUCT = YES;
			};
			name = Release;
		};
		9E1A41CF29102A9D009D16BD /* Debug */ = {
			isa = XCBuildConfiguration;
			buildSettings = {
				ASSETCATALOG_COMPILER_APPICON_NAME = AppIcon;
				ASSETCATALOG_COMPILER_GLOBAL_ACCENT_COLOR_NAME = AccentColor;
				CODE_SIGN_STYLE = Automatic;
				CURRENT_PROJECT_VERSION = 1;
				DEVELOPMENT_TEAM = SGUZZQKR9A;
				GENERATE_INFOPLIST_FILE = YES;
				INFOPLIST_FILE = millionaire/Info.plist;
				INFOPLIST_KEY_UIApplicationSupportsIndirectInputEvents = YES;
				INFOPLIST_KEY_UILaunchStoryboardName = LaunchScreen;
				INFOPLIST_KEY_UIMainStoryboardFile = Main;
				INFOPLIST_KEY_UISupportedInterfaceOrientations_iPad = "UIInterfaceOrientationPortrait UIInterfaceOrientationPortraitUpsideDown UIInterfaceOrientationLandscapeLeft UIInterfaceOrientationLandscapeRight";
				INFOPLIST_KEY_UISupportedInterfaceOrientations_iPhone = "UIInterfaceOrientationPortrait UIInterfaceOrientationLandscapeLeft UIInterfaceOrientationLandscapeRight";
				IPHONEOS_DEPLOYMENT_TARGET = 13.0;
				LD_RUNPATH_SEARCH_PATHS = (
					"$(inherited)",
					"@executable_path/Frameworks",
				);
				MARKETING_VERSION = 1.0;
				PRODUCT_BUNDLE_IDENTIFIER = garpun.millionaire;
				PRODUCT_NAME = "$(TARGET_NAME)";
				SWIFT_EMIT_LOC_STRINGS = YES;
				SWIFT_VERSION = 5.0;
				TARGETED_DEVICE_FAMILY = "1,2";
			};
			name = Debug;
		};
		9E1A41D029102A9D009D16BD /* Release */ = {
			isa = XCBuildConfiguration;
			buildSettings = {
				ASSETCATALOG_COMPILER_APPICON_NAME = AppIcon;
				ASSETCATALOG_COMPILER_GLOBAL_ACCENT_COLOR_NAME = AccentColor;
				CODE_SIGN_STYLE = Automatic;
				CURRENT_PROJECT_VERSION = 1;
				DEVELOPMENT_TEAM = SGUZZQKR9A;
				GENERATE_INFOPLIST_FILE = YES;
				INFOPLIST_FILE = millionaire/Info.plist;
				INFOPLIST_KEY_UIApplicationSupportsIndirectInputEvents = YES;
				INFOPLIST_KEY_UILaunchStoryboardName = LaunchScreen;
				INFOPLIST_KEY_UIMainStoryboardFile = Main;
				INFOPLIST_KEY_UISupportedInterfaceOrientations_iPad = "UIInterfaceOrientationPortrait UIInterfaceOrientationPortraitUpsideDown UIInterfaceOrientationLandscapeLeft UIInterfaceOrientationLandscapeRight";
				INFOPLIST_KEY_UISupportedInterfaceOrientations_iPhone = "UIInterfaceOrientationPortrait UIInterfaceOrientationLandscapeLeft UIInterfaceOrientationLandscapeRight";
				IPHONEOS_DEPLOYMENT_TARGET = 13.0;
				LD_RUNPATH_SEARCH_PATHS = (
					"$(inherited)",
					"@executable_path/Frameworks",
				);
				MARKETING_VERSION = 1.0;
				PRODUCT_BUNDLE_IDENTIFIER = garpun.millionaire;
				PRODUCT_NAME = "$(TARGET_NAME)";
				SWIFT_EMIT_LOC_STRINGS = YES;
				SWIFT_VERSION = 5.0;
				TARGETED_DEVICE_FAMILY = "1,2";
			};
			name = Release;
		};
/* End XCBuildConfiguration section */

/* Begin XCConfigurationList section */
		9E1A41B529102A9B009D16BD /* Build configuration list for PBXProject "millionaire" */ = {
			isa = XCConfigurationList;
			buildConfigurations = (
				9E1A41CC29102A9D009D16BD /* Debug */,
				9E1A41CD29102A9D009D16BD /* Release */,
			);
			defaultConfigurationIsVisible = 0;
			defaultConfigurationName = Release;
		};
		9E1A41CE29102A9D009D16BD /* Build configuration list for PBXNativeTarget "millionaire" */ = {
			isa = XCConfigurationList;
			buildConfigurations = (
				9E1A41CF29102A9D009D16BD /* Debug */,
				9E1A41D029102A9D009D16BD /* Release */,
			);
			defaultConfigurationIsVisible = 0;
			defaultConfigurationName = Release;
		};
/* End XCConfigurationList section */
	};
	rootObject = 9E1A41B229102A9B009D16BD /* Project object */;
}
